
Microsoft Visual Studio Solution File, Format Version 10.00
# Visual Studio 2008
Project("{FAE04EC0-301F-11D3-BF4B-00C04F79EFBC}") = "FriendlyCoins", "FriendlyCoins\FriendlyCoins.csproj", "{A3B43AAF-6931-4A2D-82F1-E08ED6A032C8}"
EndProject
Project("{FAE04EC0-301F-11D3-BF4B-00C04F79EFBC}") = "FriendlyCoinsTest", "FriendlyCoinsTest\FriendlyCoinsTest.csproj", "{BB4249E0-67B9-45AD-AFE8-3925889B3E78}"
EndProject
Global
	GlobalSection(SolutionConfigurationPlatforms) = preSolution
		Debug|Any CPU = Debug|Any CPU
		Release|Any CPU = Release|Any CPU
	EndGlobalSection
	GlobalSection(ProjectConfigurationPlatforms) = postSolution
		{A3B43AAF-6931-4A2D-82F1-E08ED6A032C8}.Debug|Any CPU.ActiveCfg = Debug|Any CPU
		{A3B43AAF-6931-4A2D-82F1-E08ED6A032C8}.Debug|Any CPU.Build.0 = Debug|Any CPU
		{A3B43AAF-6931-4A2D-82F1-E08ED6A032C8}.Release|Any CPU.ActiveCfg = Release|Any CPU
		{A3B43AAF-6931-4A2D-82F1-E08ED6A032C8}.Release|Any CPU.Build.0 = Release|Any CPU
		{BB4249E0-67B9-45AD-AFE8-3925889B3E78}.Debug|Any CPU.ActiveCfg = Debug|Any CPU
		{BB4249E0-67B9-45AD-AFE8-3925889B3E78}.Debug|Any CPU.Build.0 = Debug|Any CPU
		{BB4249E0-67B9-45AD-AFE8-3925889B3E78}.Release|Any CPU.ActiveCfg = Release|Any CPU
		{BB4249E0-67B9-45AD-AFE8-3925889B3E78}.Release|Any CPU.Build.0 = Release|Any CPU
	EndGlobalSection
	GlobalSection(SolutionProperties) = preSolution
		HideSolutionNode = FALSE
	EndGlobalSection
EndGlobal
